
Microsoft Visual Studio Solution File, Format Version 12.00
# Visual Studio Version 17
VisualStudioVersion = 17.4.33103.184
MinimumVisualStudioVersion = 10.0.40219.1
Project("{FAE04EC0-301F-11D3-BF4B-00C04F79EFBC}") = "diaqonal", "diaqonal\diaqonal.csproj", "{341A753B-7725-4D3B-9BF8-9D6454281BF9}"
EndProject
Global
	GlobalSection(SolutionConfigurationPlatforms) = preSolution
		Debug|Any CPU = Debug|Any CPU
		Release|Any CPU = Release|Any CPU
	EndGlobalSection
	GlobalSection(ProjectConfigurationPlatforms) = postSolution
		{341A753B-7725-4D3B-9BF8-9D6454281BF9}.Debug|Any CPU.ActiveCfg = Debug|Any CPU
		{341A753B-7725-4D3B-9BF8-9D6454281BF9}.Debug|Any CPU.Build.0 = Debug|Any CPU
		{341A753B-7725-4D3B-9BF8-9D6454281BF9}.Release|Any CPU.ActiveCfg = Release|Any CPU
		{341A753B-7725-4D3B-9BF8-9D6454281BF9}.Release|Any CPU.Build.0 = Release|Any CPU
	EndGlobalSection
	GlobalSection(SolutionProperties) = preSolution
		HideSolutionNode = FALSE
	EndGlobalSection
	GlobalSection(ExtensibilityGlobals) = postSolution
		SolutionGuid = {7A38F27B-3C32-48B4-BC5C-43F7EF6F4867}
	EndGlobalSection
EndGlobal
